
Microsoft Visual Studio Solution File, Format Version 12.00
# Visual Studio Version 17
VisualStudioVersion = 17.6.33829.357
MinimumVisualStudioVersion = 10.0.40219.1
Project("{FAE04EC0-301F-11D3-BF4B-00C04F79EFBC}") = "Array List", "Array List\Array List.csproj", "{691DD9CC-B849-49F5-8D54-153B6FC754FB}"
EndProject
Global
	GlobalSection(SolutionConfigurationPlatforms) = preSolution
		Debug|Any CPU = Debug|Any CPU
		Release|Any CPU = Release|Any CPU
	EndGlobalSection
	GlobalSection(ProjectConfigurationPlatforms) = postSolution
		{691DD9CC-B849-49F5-8D54-153B6FC754FB}.Debug|Any CPU.ActiveCfg = Debug|Any CPU
		{691DD9CC-B849-49F5-8D54-153B6FC754FB}.Debug|Any CPU.Build.0 = Debug|Any CPU
		{691DD9CC-B849-49F5-8D54-153B6FC754FB}.Release|Any CPU.ActiveCfg = Release|Any CPU
		{691DD9CC-B849-49F5-8D54-153B6FC754FB}.Release|Any CPU.Build.0 = Release|Any CPU
	EndGlobalSection
	GlobalSection(SolutionProperties) = preSolution
		HideSolutionNode = FALSE
	EndGlobalSection
	GlobalSection(ExtensibilityGlobals) = postSolution
		SolutionGuid = {48705E85-BB2A-4BD0-A979-66299C324AD1}
	EndGlobalSection
EndGlobal
