
Microsoft Visual Studio Solution File, Format Version 12.00
# Visual Studio Version 17
VisualStudioVersion = 17.6.33829.357
MinimumVisualStudioVersion = 10.0.40219.1
Project("{FAE04EC0-301F-11D3-BF4B-00C04F79EFBC}") = "String Array", "String Array\String Array.csproj", "{8EEC5D19-A2C0-4C7C-9EF8-AFEF217864B9}"
EndProject
Global
	GlobalSection(SolutionConfigurationPlatforms) = preSolution
		Debug|Any CPU = Debug|Any CPU
		Release|Any CPU = Release|Any CPU
	EndGlobalSection
	GlobalSection(ProjectConfigurationPlatforms) = postSolution
		{8EEC5D19-A2C0-4C7C-9EF8-AFEF217864B9}.Debug|Any CPU.ActiveCfg = Debug|Any CPU
		{8EEC5D19-A2C0-4C7C-9EF8-AFEF217864B9}.Debug|Any CPU.Build.0 = Debug|Any CPU
		{8EEC5D19-A2C0-4C7C-9EF8-AFEF217864B9}.Release|Any CPU.ActiveCfg = Release|Any CPU
		{8EEC5D19-A2C0-4C7C-9EF8-AFEF217864B9}.Release|Any CPU.Build.0 = Release|Any CPU
	EndGlobalSection
	GlobalSection(SolutionProperties) = preSolution
		HideSolutionNode = FALSE
	EndGlobalSection
	GlobalSection(ExtensibilityGlobals) = postSolution
		SolutionGuid = {831039BF-2A11-4127-B658-E8A911B0F7D1}
	EndGlobalSection
EndGlobal
